Microsoft Visual Studio Solution File, Format Version 12.00
# Visual Studio Version 17
VisualStudioVersion = 17.5.2.0
MinimumVisualStudioVersion = 10.0.40219.1
Project("{FAE04EC0-301F-11D3-BF4B-00C04F79EFBC}") = "weatherData", "weatherData.csproj", "{1BC287E9-A23C-4755-B562-62F059FB1DBA}"
EndProject
Global
	GlobalSection(SolutionConfigurationPlatforms) = preSolution
		Debug|Any CPU = Debug|Any CPU
		Release|Any CPU = Release|Any CPU
	EndGlobalSection
	GlobalSection(ProjectConfigurationPlatforms) = postSolution
		{1BC287E9-A23C-4755-B562-62F059FB1DBA}.Debug|Any CPU.ActiveCfg = Debug|Any CPU
		{1BC287E9-A23C-4755-B562-62F059FB1DBA}.Debug|Any CPU.Build.0 = Debug|Any CPU
		{1BC287E9-A23C-4755-B562-62F059FB1DBA}.Release|Any CPU.ActiveCfg = Release|Any CPU
		{1BC287E9-A23C-4755-B562-62F059FB1DBA}.Release|Any CPU.Build.0 = Release|Any CPU
	EndGlobalSection
	GlobalSection(SolutionProperties) = preSolution
		HideSolutionNode = FALSE
	EndGlobalSection
	GlobalSection(ExtensibilityGlobals) = postSolution
		SolutionGuid = {2A0C1B3C-5948-4C3F-AB03-F97A707B573D}
	EndGlobalSection
EndGlobal
